
Microsoft Visual Studio Solution File, Format Version 12.00
# Visual Studio Version 16
VisualStudioVersion = 16.0.32630.194
MinimumVisualStudioVersion = 10.0.40219.1
Project("{FAE04EC0-301F-11D3-BF4B-00C04F79EFBC}") = "Intro", "Intro\Intro.csproj", "{D4D780E3-E2BB-4EBD-8929-20D47EA6967D}"
EndProject
Global
	GlobalSection(SolutionConfigurationPlatforms) = preSolution
		Debug|Any CPU = Debug|Any CPU
		Release|Any CPU = Release|Any CPU
	EndGlobalSection
	GlobalSection(ProjectConfigurationPlatforms) = postSolution
		{D4D780E3-E2BB-4EBD-8929-20D47EA6967D}.Debug|Any CPU.ActiveCfg = Debug|Any CPU
		{D4D780E3-E2BB-4EBD-8929-20D47EA6967D}.Debug|Any CPU.Build.0 = Debug|Any CPU
		{D4D780E3-E2BB-4EBD-8929-20D47EA6967D}.Release|Any CPU.ActiveCfg = Release|Any CPU
		{D4D780E3-E2BB-4EBD-8929-20D47EA6967D}.Release|Any CPU.Build.0 = Release|Any CPU
	EndGlobalSection
	GlobalSection(SolutionProperties) = preSolution
		HideSolutionNode = FALSE
	EndGlobalSection
	GlobalSection(ExtensibilityGlobals) = postSolution
		SolutionGuid = {DB0C9D2F-F978-4737-A4D7-8E03BDC308EE}
	EndGlobalSection
EndGlobal
